// !$*UTF8*$!
{
	archiveVersion = 1;
	classes = {
	};
	objectVersion = 51;
	objects = {

/* Begin PBXBuildFile section */
		6C04645D25FDB3EA00DA3D0D /* Item.swift in Sources */ = {isa = PBXBuildFile; fileRef = 6C04645C25FDB3EA00DA3D0D /* Item.swift */; };
		6C1274B326DB75060056A159 /* BananaTableViewCell.xib in Resources */ = {isa = PBXBuildFile; fileRef = 6C1274B226DB75060056A159 /* BananaTableViewCell.xib */; };
		6C1274B826DB75810056A159 /* BananaTableViewCell.swift in Sources */ = {isa = PBXBuildFile; fileRef = 6C1274B726DB75810056A159 /* BananaTableViewCell.swift */; };
		6C2FF3D626BE298F0097371E /* TabBar.swift in Sources */ = {isa = PBXBuildFile; fileRef = 6C2FF3D526BE298F0097371E /* TabBar.swift */; };
		6C2FF3DB26BE605E0097371E /* ListViewController.swift in Sources */ = {isa = PBXBuildFile; fileRef = 6C2FF3DA26BE605E0097371E /* ListViewController.swift */; };
		6C2FF3E026BE6CD00097371E /* MatchListViewController.swift in Sources */ = {isa = PBXBuildFile; fileRef = 6C2FF3DF26BE6CD00097371E /* MatchListViewController.swift */; };
		6C30FC0B26478C5900293B46 /* DetailsViewController.swift in Sources */ = {isa = PBXBuildFile; fileRef = 6C30FC0A26478C5900293B46 /* DetailsViewController.swift */; };
		6C3A00C426A3D0A1004968C2 /* MatchingListViewController.swift in Sources */ = {isa = PBXBuildFile; fileRef = 6C3A00C326A3D0A1004968C2 /* MatchingListViewController.swift */; };
		6C3A00D426A3EEAF004968C2 /* Card.swift in Sources */ = {isa = PBXBuildFile; fileRef = 6C3A00D326A3EEAF004968C2 /* Card.swift */; };
		6C48448A26DD1703004A95A9 /* TableViewCell.xib in Resources */ = {isa = PBXBuildFile; fileRef = 6C48448926DD1703004A95A9 /* TableViewCell.xib */; };
		6C48449726DD1729004A95A9 /* TableViewCell.swift in Sources */ = {isa = PBXBuildFile; fileRef = 6C48449626DD1729004A95A9 /* TableViewCell.swift */; };
		6C4844A226DD1A6B004A95A9 /* CardView.xib in Resources */ = {isa = PBXBuildFile; fileRef = 6C4844A126DD1A6A004A95A9 /* CardView.xib */; };
		6C4F251526F5C6E5007EDE4D /* StartViewController.swift in Sources */ = {isa = PBXBuildFile; fileRef = 6C4F251426F5C6E4007EDE4D /* StartViewController.swift */; };
		6C5ABF9C26B63C8B00649692 /* BookMarkViewController.swift in Sources */ = {isa = PBXBuildFile; fileRef = 6C5ABF9B26B63C8A00649692 /* BookMarkViewController.swift */; };
		6C5ABFA226B658C300649692 /* BookMarkTableViewCell.swift in Sources */ = {isa = PBXBuildFile; fileRef = 6C5ABFA026B658C300649692 /* BookMarkTableViewCell.swift */; };
		6C5ABFA326B658C300649692 /* BookMarkTableViewCell.xib in Resources */ = {isa = PBXBuildFile; fileRef = 6C5ABFA126B658C300649692 /* BookMarkTableViewCell.xib */; };
		6C5ABFAB26B6617E00649692 /* MatchingPair.swift in Sources */ = {isa = PBXBuildFile; fileRef = 6C5ABFAA26B6617E00649692 /* MatchingPair.swift */; };
		6C6AE4C526F6263D00668140 /* AddListViewController.swift in Sources */ = {isa = PBXBuildFile; fileRef = 6C6AE4C426F6263D00668140 /* AddListViewController.swift */; };
		6C6AE4CD26F6295000668140 /* GameListViewController.swift in Sources */ = {isa = PBXBuildFile; fileRef = 6C6AE4CC26F6295000668140 /* GameListViewController.swift */; };
		6C6AE4D526F62BA700668140 /* AddViewController.swift in Sources */ = {isa = PBXBuildFile; fileRef = 6C6AE4D426F62BA600668140 /* AddViewController.swift */; };
		6C6AE4DA26F62BB100668140 /* GameViewController.swift in Sources */ = {isa = PBXBuildFile; fileRef = 6C6AE4D926F62BB100668140 /* GameViewController.swift */; };
		6C7C6E77267EE1E4000620DB /* AddTableViewCell.swift in Sources */ = {isa = PBXBuildFile; fileRef = 6C7C6E76267EE1E4000620DB /* AddTableViewCell.swift */; };
		6C7F92F625C7C0F000524274 /* BananaViewController.swift in Sources */ = {isa = PBXBuildFile; fileRef = 6C7F92F525C7C0F000524274 /* BananaViewController.swift */; };
		6C7F92FB25C7C11800524274 /* IdeaViewController.swift in Sources */ = {isa = PBXBuildFile; fileRef = 6C7F92FA25C7C11800524274 /* IdeaViewController.swift */; };
		6C9CEF2525B412170028C3D5 /* AppDelegate.swift in Sources */ = {isa = PBXBuildFile; fileRef = 6C9CEF2425B412170028C3D5 /* AppDelegate.swift */; };
		6C9CEF2725B412170028C3D5 /* SceneDelegate.swift in Sources */ = {isa = PBXBuildFile; fileRef = 6C9CEF2625B412170028C3D5 /* SceneDelegate.swift */; };
		6C9CEF2925B412170028C3D5 /* ViewController.swift in Sources */ = {isa = PBXBuildFile; fileRef = 6C9CEF2825B412170028C3D5 /* ViewController.swift */; };
		6C9CEF2C25B412170028C3D5 /* Main.storyboard in Resources */ = {isa = PBXBuildFile; fileRef = 6C9CEF2A25B412170028C3D5 /* Main.storyboard */; };
		6C9CEF2F25B412170028C3D5 /* Associative_game.xcdatamodeld in Sources */ = {isa = PBXBuildFile; fileRef = 6C9CEF2D25B412170028C3D5 /* Associative_game.xcdatamodeld */; };
		6C9CEF3425B412190028C3D5 /* LaunchScreen.storyboard in Resources */ = {isa = PBXBuildFile; fileRef = 6C9CEF3225B412190028C3D5 /* LaunchScreen.storyboard */; };
		6C9CEF3F25B4121A0028C3D5 /* Associative_gameTests.swift in Sources */ = {isa = PBXBuildFile; fileRef = 6C9CEF3E25B4121A0028C3D5 /* Associative_gameTests.swift */; };
		6C9CEF4A25B4121A0028C3D5 /* Associative_gameUITests.swift in Sources */ = {isa = PBXBuildFile; fileRef = 6C9CEF4925B4121A0028C3D5 /* Associative_gameUITests.swift */; };
		6C9DA8DC26FCBA5F0024D1B2 /* FirstViewController.swift in Sources */ = {isa = PBXBuildFile; fileRef = 6C9DA8DB26FCBA5F0024D1B2 /* FirstViewController.swift */; };
		6CA4E22426915ADB00EEBAB1 /* MatchingViewController.swift in Sources */ = {isa = PBXBuildFile; fileRef = 6CA4E22326915ADB00EEBAB1 /* MatchingViewController.swift */; };
		6CB4882725D8F1AE00ACA96F /* TabBarViewController.swift in Sources */ = {isa = PBXBuildFile; fileRef = 6CB4882625D8F1AE00ACA96F /* TabBarViewController.swift */; };
		6CFF648426E44E40007ABD69 /* Assets.xcassets in Resources */ = {isa = PBXBuildFile; fileRef = 6CD522F8265A1A0E00308CB4 /* Assets.xcassets */; };
		76334196183D3358F95644B9 /* Pods_Associative_game.framework in Frameworks */ = {isa = PBXBuildFile; fileRef = BBE653C9861B0E55847380DD /* Pods_Associative_game.framework */; };
		9800CCA209750FE3EECB3658 /* Pods_Associative_gameTests.framework in Frameworks */ = {isa = PBXBuildFile; fileRef = 07F0BCFED5F66524D9619A87 /* Pods_Associative_gameTests.framework */; };
		F5714A95B9326E80D80B4E40 /* Pods_Associative_game_Associative_gameUITests.framework in Frameworks */ = {isa = PBXBuildFile; fileRef = C429F0B92EA02CC78F5A4674 /* Pods_Associative_game_Associative_gameUITests.framework */; };
/* End PBXBuildFile section */

/* Begin PBXContainerItemProxy section */
		6C9CEF3B25B4121A0028C3D5 /* PBXContainerItemProxy */ = {
			isa = PBXContainerItemProxy;
			containerPortal = 6C9CEF1925B412170028C3D5 /* Project object */;
			proxyType = 1;
			remoteGlobalIDString = 6C9CEF2025B412170028C3D5;
			remoteInfo = "Associative game";
		};
		6C9CEF4625B4121A0028C3D5 /* PBXContainerItemProxy */ = {
			isa = PBXContainerItemProxy;
			containerPortal = 6C9CEF1925B412170028C3D5 /* Project object */;
			proxyType = 1;
			remoteGlobalIDString = 6C9CEF2025B412170028C3D5;
			remoteInfo = "Associative game";
		};
/* End PBXContainerItemProxy section */

/* Begin PBXFileReference section */
		07F0BCFED5F66524D9619A87 /* Pods_Associative_gameTests.framework */ = {isa = PBXFileReference; explicitFileType = wrapper.framework; includeInIndex = 0; path = Pods_Associative_gameTests.framework; sourceTree = BUILT_PRODUCTS_DIR; };
		099EB098B98A2C7181159377 /* Pods-Associative gameTests.release.xcconfig */ = {isa = PBXFileReference; includeInIndex = 1; lastKnownFileType = text.xcconfig; name = "Pods-Associative gameTests.release.xcconfig"; path = "Target Support Files/Pods-Associative gameTests/Pods-Associative gameTests.release.xcconfig"; sourceTree = "<group>"; };
		66968F64083D005BF63655D8 /* Pods-Associative game-Associative gameUITests.debug.xcconfig */ = {isa = PBXFileReference; includeInIndex = 1; lastKnownFileType = text.xcconfig; name = "Pods-Associative game-Associative gameUITests.debug.xcconfig"; path = "Target Support Files/Pods-Associative game-Associative gameUITests/Pods-Associative game-Associative gameUITests.debug.xcconfig"; sourceTree = "<group>"; };
		6C04645C25FDB3EA00DA3D0D /* Item.swift */ = {isa = PBXFileReference; lastKnownFileType = sourcecode.swift; path = Item.swift; sourceTree = "<group>"; };
		6C1274B226DB75060056A159 /* BananaTableViewCell.xib */ = {isa = PBXFileReference; lastKnownFileType = file.xib; path = BananaTableViewCell.xib; sourceTree = "<group>"; };
		6C1274B726DB75810056A159 /* BananaTableViewCell.swift */ = {isa = PBXFileReference; lastKnownFileType = sourcecode.swift; path = BananaTableViewCell.swift; sourceTree = "<group>"; };
		6C2FF3D526BE298F0097371E /* TabBar.swift */ = {isa = PBXFileReference; lastKnownFileType = sourcecode.swift; path = TabBar.swift; sourceTree = "<group>"; };
		6C2FF3DA26BE605E0097371E /* ListViewController.swift */ = {isa = PBXFileReference; lastKnownFileType = sourcecode.swift; path = ListViewController.swift; sourceTree = "<group>"; };
		6C2FF3DF26BE6CD00097371E /* MatchListViewController.swift */ = {isa = PBXFileReference; lastKnownFileType = sourcecode.swift; path = MatchListViewController.swift; sourceTree = "<group>"; };
		6C30FC0A26478C5900293B46 /* DetailsViewController.swift */ = {isa = PBXFileReference; lastKnownFileType = sourcecode.swift; path = DetailsViewController.swift; sourceTree = "<group>"; };
		6C3A00C326A3D0A1004968C2 /* MatchingListViewController.swift */ = {isa = PBXFileReference; lastKnownFileType = sourcecode.swift; path = MatchingListViewController.swift; sourceTree = "<group>"; };
		6C3A00D326A3EEAF004968C2 /* Card.swift */ = {isa = PBXFileReference; lastKnownFileType = sourcecode.swift; path = Card.swift; sourceTree = "<group>"; };
		6C48448926DD1703004A95A9 /* TableViewCell.xib */ = {isa = PBXFileReference; lastKnownFileType = file.xib; path = TableViewCell.xib; sourceTree = "<group>"; };
		6C48449626DD1729004A95A9 /* TableViewCell.swift */ = {isa = PBXFileReference; lastKnownFileType = sourcecode.swift; path = TableViewCell.swift; sourceTree = "<group>"; };
		6C4844A126DD1A6A004A95A9 /* CardView.xib */ = {isa = PBXFileReference; fileEncoding = 4; lastKnownFileType = file.xib; path = CardView.xib; sourceTree = "<group>"; };
		6C4F251426F5C6E4007EDE4D /* StartViewController.swift */ = {isa = PBXFileReference; lastKnownFileType = sourcecode.swift; path = StartViewController.swift; sourceTree = "<group>"; };
		6C5ABF9B26B63C8A00649692 /* BookMarkViewController.swift */ = {isa = PBXFileReference; lastKnownFileType = sourcecode.swift; path = BookMarkViewController.swift; sourceTree = "<group>"; };
		6C5ABFA026B658C300649692 /* BookMarkTableViewCell.swift */ = {isa = PBXFileReference; lastKnownFileType = sourcecode.swift; path = BookMarkTableViewCell.swift; sourceTree = "<group>"; };
		6C5ABFA126B658C300649692 /* BookMarkTableViewCell.xib */ = {isa = PBXFileReference; lastKnownFileType = file.xib; path = BookMarkTableViewCell.xib; sourceTree = "<group>"; };
		6C5ABFAA26B6617E00649692 /* MatchingPair.swift */ = {isa = PBXFileReference; lastKnownFileType = sourcecode.swift; path = MatchingPair.swift; sourceTree = "<group>"; };
		6C6AE4C426F6263D00668140 /* AddListViewController.swift */ = {isa = PBXFileReference; lastKnownFileType = sourcecode.swift; path = AddListViewController.swift; sourceTree = "<group>"; };
		6C6AE4CC26F6295000668140 /* GameListViewController.swift */ = {isa = PBXFileReference; lastKnownFileType = sourcecode.swift; path = GameListViewController.swift; sourceTree = "<group>"; };
		6C6AE4D426F62BA600668140 /* AddViewController.swift */ = {isa = PBXFileReference; lastKnownFileType = sourcecode.swift; path = AddViewController.swift; sourceTree = "<group>"; };
		6C6AE4D926F62BB100668140 /* GameViewController.swift */ = {isa = PBXFileReference; lastKnownFileType = sourcecode.swift; path = GameViewController.swift; sourceTree = "<group>"; };
		6C7C6E76267EE1E4000620DB /* AddTableViewCell.swift */ = {isa = PBXFileReference; lastKnownFileType = sourcecode.swift; path = AddTableViewCell.swift; sourceTree = "<group>"; };
		6C7F92F525C7C0F000524274 /* BananaViewController.swift */ = {isa = PBXFileReference; lastKnownFileType = sourcecode.swift; path = BananaViewController.swift; sourceTree = "<group>"; };
		6C7F92FA25C7C11800524274 /* IdeaViewController.swift */ = {isa = PBXFileReference; lastKnownFileType = sourcecode.swift; path = IdeaViewController.swift; sourceTree = "<group>"; };
		6C9CEF2125B412170028C3D5 /* Associative game.app */ = {isa = PBXFileReference; explicitFileType = wrapper.application; includeInIndex = 0; path = "Associative game.app"; sourceTree = BUILT_PRODUCTS_DIR; };
		6C9CEF2425B412170028C3D5 /* AppDelegate.swift */ = {isa = PBXFileReference; lastKnownFileType = sourcecode.swift; path = AppDelegate.swift; sourceTree = "<group>"; };
		6C9CEF2625B412170028C3D5 /* SceneDelegate.swift */ = {isa = PBXFileReference; lastKnownFileType = sourcecode.swift; path = SceneDelegate.swift; sourceTree = "<group>"; };
		6C9CEF2825B412170028C3D5 /* ViewController.swift */ = {isa = PBXFileReference; lastKnownFileType = sourcecode.swift; path = ViewController.swift; sourceTree = "<group>"; };
		6C9CEF2B25B412170028C3D5 /* Base */ = {isa = PBXFileReference; lastKnownFileType = file.storyboard; name = Base; path = Base.lproj/Main.storyboard; sourceTree = "<group>"; };
		6C9CEF2E25B412170028C3D5 /* Associative_game.xcdatamodel */ = {isa = PBXFileReference; lastKnownFileType = wrapper.xcdatamodel; path = Associative_game.xcdatamodel; sourceTree = "<group>"; };
		6C9CEF3325B412190028C3D5 /* Base */ = {isa = PBXFileReference; lastKnownFileType = file.storyboard; name = Base; path = Base.lproj/LaunchScreen.storyboard; sourceTree = "<group>"; };
		6C9CEF3525B412190028C3D5 /* Info.plist */ = {isa = PBXFileReference; lastKnownFileType = text.plist.xml; path = Info.plist; sourceTree = "<group>"; };
		6C9CEF3A25B4121A0028C3D5 /* Associative gameTests.xctest */ = {isa = PBXFileReference; explicitFileType = wrapper.cfbundle; includeInIndex = 0; path = "Associative gameTests.xctest"; sourceTree = BUILT_PRODUCTS_DIR; };
		6C9CEF3E25B4121A0028C3D5 /* Associative_gameTests.swift */ = {isa = PBXFileReference; lastKnownFileType = sourcecode.swift; path = Associative_gameTests.swift; sourceTree = "<group>"; };
		6C9CEF4025B4121A0028C3D5 /* Info.plist */ = {isa = PBXFileReference; lastKnownFileType = text.plist.xml; path = Info.plist; sourceTree = "<group>"; };
		6C9CEF4525B4121A0028C3D5 /* Associative gameUITests.xctest */ = {isa = PBXFileReference; explicitFileType = wrapper.cfbundle; includeInIndex = 0; path = "Associative gameUITests.xctest"; sourceTree = BUILT_PRODUCTS_DIR; };
		6C9CEF4925B4121A0028C3D5 /* Associative_gameUITests.swift */ = {isa = PBXFileReference; lastKnownFileType = sourcecode.swift; path = Associative_gameUITests.swift; sourceTree = "<group>"; };
		6C9CEF4B25B4121A0028C3D5 /* Info.plist */ = {isa = PBXFileReference; lastKnownFileType = text.plist.xml; path = Info.plist; sourceTree = "<group>"; };
		6C9DA8DB26FCBA5F0024D1B2 /* FirstViewController.swift */ = {isa = PBXFileReference; lastKnownFileType = sourcecode.swift; path = FirstViewController.swift; sourceTree = "<group>"; };
		6CA4E22326915ADB00EEBAB1 /* MatchingViewController.swift */ = {isa = PBXFileReference; lastKnownFileType = sourcecode.swift; path = MatchingViewController.swift; sourceTree = "<group>"; };
		6CB4882625D8F1AE00ACA96F /* TabBarViewController.swift */ = {isa = PBXFileReference; lastKnownFileType = sourcecode.swift; path = TabBarViewController.swift; sourceTree = "<group>"; };
		6CD522F8265A1A0E00308CB4 /* Assets.xcassets */ = {isa = PBXFileReference; lastKnownFileType = folder.assetcatalog; path = Assets.xcassets; sourceTree = "<group>"; };
		8BE6B1BC3558F6B3BCB99600 /* Pods-Associative game.debug.xcconfig */ = {isa = PBXFileReference; includeInIndex = 1; lastKnownFileType = text.xcconfig; name = "Pods-Associative game.debug.xcconfig"; path = "Target Support Files/Pods-Associative game/Pods-Associative game.debug.xcconfig"; sourceTree = "<group>"; };
		94A62974147A670A2B171A9A /* Pods-Associative gameTests.debug.xcconfig */ = {isa = PBXFileReference; includeInIndex = 1; lastKnownFileType = text.xcconfig; name = "Pods-Associative gameTests.debug.xcconfig"; path = "Target Support Files/Pods-Associative gameTests/Pods-Associative gameTests.debug.xcconfig"; sourceTree = "<group>"; };
		BBE653C9861B0E55847380DD /* Pods_Associative_game.framework */ = {isa = PBXFileReference; explicitFileType = wrapper.framework; includeInIndex = 0; path = Pods_Associative_game.framework; sourceTree = BUILT_PRODUCTS_DIR; };
		BCB0ABA8D9C0D81CB5D3D9A6 /* Pods-Associative game-Associative gameUITests.release.xcconfig */ = {isa = PBXFileReference; includeInIndex = 1; lastKnownFileType = text.xcconfig; name = "Pods-Associative game-Associative gameUITests.release.xcconfig"; path = "Target Support Files/Pods-Associative game-Associative gameUITests/Pods-Associative game-Associative gameUITests.release.xcconfig"; sourceTree = "<group>"; };
		BE5C27CBDCA28D4B034AC419 /* Pods-Associative game.release.xcconfig */ = {isa = PBXFileReference; includeInIndex = 1; lastKnownFileType = text.xcconfig; name = "Pods-Associative game.release.xcconfig"; path = "Target Support Files/Pods-Associative game/Pods-Associative game.release.xcconfig"; sourceTree = "<group>"; };
		C429F0B92EA02CC78F5A4674 /* Pods_Associative_game_Associative_gameUITests.framework */ = {isa = PBXFileReference; explicitFileType = wrapper.framework; includeInIndex = 0; path = Pods_Associative_game_Associative_gameUITests.framework; sourceTree = BUILT_PRODUCTS_DIR; };
/* End PBXFileReference section */

/* Begin PBXFrameworksBuildPhase section */
		6C9CEF1E25B412170028C3D5 /* Frameworks */ = {
			isa = PBXFrameworksBuildPhase;
			buildActionMask = 2147483647;
			files = (
				76334196183D3358F95644B9 /* Pods_Associative_game.framework in Frameworks */,
			);
			runOnlyForDeploymentPostprocessing = 0;
		};
		6C9CEF3725B4121A0028C3D5 /* Frameworks */ = {
			isa = PBXFrameworksBuildPhase;
			buildActionMask = 2147483647;
			files = (
				9800CCA209750FE3EECB3658 /* Pods_Associative_gameTests.framework in Frameworks */,
			);
			runOnlyForDeploymentPostprocessing = 0;
		};
		6C9CEF4225B4121A0028C3D5 /* Frameworks */ = {
			isa = PBXFrameworksBuildPhase;
			buildActionMask = 2147483647;
			files = (
				F5714A95B9326E80D80B4E40 /* Pods_Associative_game_Associative_gameUITests.framework in Frameworks */,
			);
			runOnlyForDeploymentPostprocessing = 0;
		};
/* End PBXFrameworksBuildPhase section */

/* Begin PBXGroup section */
		48CBDBBBB066DEB7827FCE56 /* Pods */ = {
			isa = PBXGroup;
			children = (
				8BE6B1BC3558F6B3BCB99600 /* Pods-Associative game.debug.xcconfig */,
				BE5C27CBDCA28D4B034AC419 /* Pods-Associative game.release.xcconfig */,
				66968F64083D005BF63655D8 /* Pods-Associative game-Associative gameUITests.debug.xcconfig */,
				BCB0ABA8D9C0D81CB5D3D9A6 /* Pods-Associative game-Associative gameUITests.release.xcconfig */,
				94A62974147A670A2B171A9A /* Pods-Associative gameTests.debug.xcconfig */,
				099EB098B98A2C7181159377 /* Pods-Associative gameTests.release.xcconfig */,
			);
			path = Pods;
			sourceTree = "<group>";
		};
		6C9CEF1825B412170028C3D5 = {
			isa = PBXGroup;
			children = (
				6C9CEF2325B412170028C3D5 /* Associative game */,
				6C9CEF3D25B4121A0028C3D5 /* Associative gameTests */,
				6C9CEF4825B4121A0028C3D5 /* Associative gameUITests */,
				6C9CEF2225B412170028C3D5 /* Products */,
				48CBDBBBB066DEB7827FCE56 /* Pods */,
				CB739D31C3F5007F1EEC0522 /* Frameworks */,
			);
			sourceTree = "<group>";
		};
		6C9CEF2225B412170028C3D5 /* Products */ = {
			isa = PBXGroup;
			children = (
				6C9CEF2125B412170028C3D5 /* Associative game.app */,
				6C9CEF3A25B4121A0028C3D5 /* Associative gameTests.xctest */,
				6C9CEF4525B4121A0028C3D5 /* Associative gameUITests.xctest */,
			);
			name = Products;
			sourceTree = "<group>";
		};
		6C9CEF2325B412170028C3D5 /* Associative game */ = {
			isa = PBXGroup;
			children = (
				6C9CEF3525B412190028C3D5 /* Info.plist */,
				6C6AE4C426F6263D00668140 /* AddListViewController.swift */,
				6C7C6E76267EE1E4000620DB /* AddTableViewCell.swift */,
				6C6AE4D426F62BA600668140 /* AddViewController.swift */,
				6C9CEF2425B412170028C3D5 /* AppDelegate.swift */,
				6C1274B726DB75810056A159 /* BananaTableViewCell.swift */,
				6C5ABFA026B658C300649692 /* BookMarkTableViewCell.swift */,
				6C9DA8DB26FCBA5F0024D1B2 /* FirstViewController.swift */,
				6C5ABF9B26B63C8A00649692 /* BookMarkViewController.swift */,
				6C3A00D326A3EEAF004968C2 /* Card.swift */,
				6C30FC0A26478C5900293B46 /* DetailsViewController.swift */,
				6C6AE4CC26F6295000668140 /* GameListViewController.swift */,
				6C6AE4D926F62BB100668140 /* GameViewController.swift */,
				6C7F92FA25C7C11800524274 /* IdeaViewController.swift */,
				6C04645C25FDB3EA00DA3D0D /* Item.swift */,
				6C2FF3DA26BE605E0097371E /* ListViewController.swift */,
				6C3A00C326A3D0A1004968C2 /* MatchingListViewController.swift */,
				6C5ABFAA26B6617E00649692 /* MatchingPair.swift */,
				6CA4E22326915ADB00EEBAB1 /* MatchingViewController.swift */,
				6C2FF3DF26BE6CD00097371E /* MatchListViewController.swift */,
				6C9CEF2625B412170028C3D5 /* SceneDelegate.swift */,
				6C4F251426F5C6E4007EDE4D /* StartViewController.swift */,
				6C2FF3D526BE298F0097371E /* TabBar.swift */,
				6CB4882625D8F1AE00ACA96F /* TabBarViewController.swift */,
				6C48449626DD1729004A95A9 /* TableViewCell.swift */,
				6C9CEF2825B412170028C3D5 /* ViewController.swift */,
				6CD522F8265A1A0E00308CB4 /* Assets.xcassets */,
				6C7F92F525C7C0F000524274 /* BananaViewController.swift */,
				6C1274B226DB75060056A159 /* BananaTableViewCell.xib */,
				6C5ABFA126B658C300649692 /* BookMarkTableViewCell.xib */,
				6C4844A126DD1A6A004A95A9 /* CardView.xib */,
				6C48448926DD1703004A95A9 /* TableViewCell.xib */,
				6C9CEF2D25B412170028C3D5 /* Associative_game.xcdatamodeld */,
				6C9CEF3225B412190028C3D5 /* LaunchScreen.storyboard */,
				6C9CEF2A25B412170028C3D5 /* Main.storyboard */,
			);
			path = "Associative game";
			sourceTree = "<group>";
		};
		6C9CEF3D25B4121A0028C3D5 /* Associative gameTests */ = {
			isa = PBXGroup;
			children = (
				6C9CEF3E25B4121A0028C3D5 /* Associative_gameTests.swift */,
				6C9CEF4025B4121A0028C3D5 /* Info.plist */,
			);
			path = "Associative gameTests";
			sourceTree = "<group>";
		};
		6C9CEF4825B4121A0028C3D5 /* Associative gameUITests */ = {
			isa = PBXGroup;
			children = (
				6C9CEF4925B4121A0028C3D5 /* Associative_gameUITests.swift */,
				6C9CEF4B25B4121A0028C3D5 /* Info.plist */,
			);
			path = "Associative gameUITests";
			sourceTree = "<group>";
		};
		CB739D31C3F5007F1EEC0522 /* Frameworks */ = {
			isa = PBXGroup;
			children = (
				BBE653C9861B0E55847380DD /* Pods_Associative_game.framework */,
				C429F0B92EA02CC78F5A4674 /* Pods_Associative_game_Associative_gameUITests.framework */,
				07F0BCFED5F66524D9619A87 /* Pods_Associative_gameTests.framework */,
			);
			name = Frameworks;
			sourceTree = "<group>";
		};
/* End PBXGroup section */

/* Begin PBXNativeTarget section */
		6C9CEF2025B412170028C3D5 /* Associative game */ = {
			isa = PBXNativeTarget;
			buildConfigurationList = 6C9CEF4E25B4121A0028C3D5 /* Build configuration list for PBXNativeTarget "Associative game" */;
			buildPhases = (
				A33C422DF060850F099BD82A /* [CP] Check Pods Manifest.lock */,
				6C9CEF1D25B412170028C3D5 /* Sources */,
				6C9CEF1E25B412170028C3D5 /* Frameworks */,
				6C9CEF1F25B412170028C3D5 /* Resources */,
				CB63F07A6EC6E4C45894A77E /* [CP] Embed Pods Frameworks */,
			);
			buildRules = (
			);
			dependencies = (
			);
			name = "Associative game";
			productName = "Associative game";
			productReference = 6C9CEF2125B412170028C3D5 /* Associative game.app */;
			productType = "com.apple.product-type.application";
		};
		6C9CEF3925B4121A0028C3D5 /* Associative gameTests */ = {
			isa = PBXNativeTarget;
			buildConfigurationList = 6C9CEF5125B4121A0028C3D5 /* Build configuration list for PBXNativeTarget "Associative gameTests" */;
			buildPhases = (
				4E4E177895B1A729B8E25405 /* [CP] Check Pods Manifest.lock */,
				6C9CEF3625B4121A0028C3D5 /* Sources */,
				6C9CEF3725B4121A0028C3D5 /* Frameworks */,
				6C9CEF3825B4121A0028C3D5 /* Resources */,
			);
			buildRules = (
			);
			dependencies = (
				6C9CEF3C25B4121A0028C3D5 /* PBXTargetDependency */,
			);
			name = "Associative gameTests";
			productName = "Associative gameTests";
			productReference = 6C9CEF3A25B4121A0028C3D5 /* Associative gameTests.xctest */;
			productType = "com.apple.product-type.bundle.unit-test";
		};
		6C9CEF4425B4121A0028C3D5 /* Associative gameUITests */ = {
			isa = PBXNativeTarget;
			buildConfigurationList = 6C9CEF5425B4121A0028C3D5 /* Build configuration list for PBXNativeTarget "Associative gameUITests" */;
			buildPhases = (
				129D30D4032B56B5D96B400D /* [CP] Check Pods Manifest.lock */,
				6C9CEF4125B4121A0028C3D5 /* Sources */,
				6C9CEF4225B4121A0028C3D5 /* Frameworks */,
				6C9CEF4325B4121A0028C3D5 /* Resources */,
				E8E03CA1F23E28722282C2FF /* [CP] Embed Pods Frameworks */,
			);
			buildRules = (
			);
			dependencies = (
				6C9CEF4725B4121A0028C3D5 /* PBXTargetDependency */,
			);
			name = "Associative gameUITests";
			productName = "Associative gameUITests";
			productReference = 6C9CEF4525B4121A0028C3D5 /* Associative gameUITests.xctest */;
			productType = "com.apple.product-type.bundle.ui-testing";
		};
/* End PBXNativeTarget section */

/* Begin PBXProject section */
		6C9CEF1925B412170028C3D5 /* Project object */ = {
			isa = PBXProject;
			attributes = {
				LastSwiftUpdateCheck = 1220;
				LastUpgradeCheck = 1220;
				TargetAttributes = {
					6C9CEF2025B412170028C3D5 = {
						CreatedOnToolsVersion = 12.2;
					};
					6C9CEF3925B4121A0028C3D5 = {
						CreatedOnToolsVersion = 12.2;
						TestTargetID = 6C9CEF2025B412170028C3D5;
					};
					6C9CEF4425B4121A0028C3D5 = {
						CreatedOnToolsVersion = 12.2;
						TestTargetID = 6C9CEF2025B412170028C3D5;
					};
				};
			};
			buildConfigurationList = 6C9CEF1C25B412170028C3D5 /* Build configuration list for PBXProject "Associative game" */;
			compatibilityVersion = "Xcode 9.3";
			developmentRegion = en;
			hasScannedForEncodings = 0;
			knownRegions = (
				en,
				Base,
			);
			mainGroup = 6C9CEF1825B412170028C3D5;
			productRefGroup = 6C9CEF2225B412170028C3D5 /* Products */;
			projectDirPath = "";
			projectRoot = "";
			targets = (
				6C9CEF2025B412170028C3D5 /* Associative game */,
				6C9CEF3925B4121A0028C3D5 /* Associative gameTests */,
				6C9CEF4425B4121A0028C3D5 /* Associative gameUITests */,
			);
		};
/* End PBXProject section */

/* Begin PBXResourcesBuildPhase section */
		6C9CEF1F25B412170028C3D5 /* Resources */ = {
			isa = PBXResourcesBuildPhase;
			buildActionMask = 2147483647;
			files = (
				6C1274B326DB75060056A159 /* BananaTableViewCell.xib in Resources */,
				6C9CEF3425B412190028C3D5 /* LaunchScreen.storyboard in Resources */,
				6C48448A26DD1703004A95A9 /* TableViewCell.xib in Resources */,
				6C4844A226DD1A6B004A95A9 /* CardView.xib in Resources */,
				6CFF648426E44E40007ABD69 /* Assets.xcassets in Resources */,
				6C5ABFA326B658C300649692 /* BookMarkTableViewCell.xib in Resources */,
				6C9CEF2C25B412170028C3D5 /* Main.storyboard in Resources */,
			);
			runOnlyForDeploymentPostprocessing = 0;
		};
		6C9CEF3825B4121A0028C3D5 /* Resources */ = {
			isa = PBXResourcesBuildPhase;
			buildActionMask = 2147483647;
			files = (
			);
			runOnlyForDeploymentPostprocessing = 0;
		};
		6C9CEF4325B4121A0028C3D5 /* Resources */ = {
			isa = PBXResourcesBuildPhase;
			buildActionMask = 2147483647;
			files = (
			);
			runOnlyForDeploymentPostprocessing = 0;
		};
/* End PBXResourcesBuildPhase section */

/* Begin PBXShellScriptBuildPhase section */
		129D30D4032B56B5D96B400D /* [CP] Check Pods Manifest.lock */ = {
			isa = PBXShellScriptBuildPhase;
			buildActionMask = 2147483647;
			files = (
			);
			inputFileListPaths = (
			);
			inputPaths = (
				"${PODS_PODFILE_DIR_PATH}/Podfile.lock",
				"${PODS_ROOT}/Manifest.lock",
			);
			name = "[CP] Check Pods Manifest.lock";
			outputFileListPaths = (
			);
			outputPaths = (
				"$(DERIVED_FILE_DIR)/Pods-Associative game-Associative gameUITests-checkManifestLockResult.txt",
			);
			runOnlyForDeploymentPostprocessing = 0;
			shellPath = /bin/sh;
			shellScript = "diff \"${PODS_PODFILE_DIR_PATH}/Podfile.lock\" \"${PODS_ROOT}/Manifest.lock\" > /dev/null\nif [ $? != 0 ] ; then\n    # print error to STDERR\n    echo \"error: The sandbox is not in sync with the Podfile.lock. Run 'pod install' or update your CocoaPods installation.\" >&2\n    exit 1\nfi\n# This output is used by Xcode 'outputs' to avoid re-running this script phase.\necho \"SUCCESS\" > \"${SCRIPT_OUTPUT_FILE_0}\"\n";
			showEnvVarsInLog = 0;
		};
		4E4E177895B1A729B8E25405 /* [CP] Check Pods Manifest.lock */ = {
			isa = PBXShellScriptBuildPhase;
			buildActionMask = 2147483647;
			files = (
			);
			inputFileListPaths = (
			);
			inputPaths = (
				"${PODS_PODFILE_DIR_PATH}/Podfile.lock",
				"${PODS_ROOT}/Manifest.lock",
			);
			name = "[CP] Check Pods Manifest.lock";
			outputFileListPaths = (
			);
			outputPaths = (
				"$(DERIVED_FILE_DIR)/Pods-Associative gameTests-checkManifestLockResult.txt",
			);
			runOnlyForDeploymentPostprocessing = 0;
			shellPath = /bin/sh;
			shellScript = "diff \"${PODS_PODFILE_DIR_PATH}/Podfile.lock\" \"${PODS_ROOT}/Manifest.lock\" > /dev/null\nif [ $? != 0 ] ; then\n    # print error to STDERR\n    echo \"error: The sandbox is not in sync with the Podfile.lock. Run 'pod install' or update your CocoaPods installation.\" >&2\n    exit 1\nfi\n# This output is used by Xcode 'outputs' to avoid re-running this script phase.\necho \"SUCCESS\" > \"${SCRIPT_OUTPUT_FILE_0}\"\n";
			showEnvVarsInLog = 0;
		};
		A33C422DF060850F099BD82A /* [CP] Check Pods Manifest.lock */ = {
			isa = PBXShellScriptBuildPhase;
			buildActionMask = 2147483647;
			files = (
			);
			inputFileListPaths = (
			);
			inputPaths = (
				"${PODS_PODFILE_DIR_PATH}/Podfile.lock",
				"${PODS_ROOT}/Manifest.lock",
			);
			name = "[CP] Check Pods Manifest.lock";
			outputFileListPaths = (
			);
			outputPaths = (
				"$(DERIVED_FILE_DIR)/Pods-Associative game-checkManifestLockResult.txt",
			);
			runOnlyForDeploymentPostprocessing = 0;
			shellPath = /bin/sh;
			shellScript = "diff \"${PODS_PODFILE_DIR_PATH}/Podfile.lock\" \"${PODS_ROOT}/Manifest.lock\" > /dev/null\nif [ $? != 0 ] ; then\n    # print error to STDERR\n    echo \"error: The sandbox is not in sync with the Podfile.lock. Run 'pod install' or update your CocoaPods installation.\" >&2\n    exit 1\nfi\n# This output is used by Xcode 'outputs' to avoid re-running this script phase.\necho \"SUCCESS\" > \"${SCRIPT_OUTPUT_FILE_0}\"\n";
			showEnvVarsInLog = 0;
		};
		CB63F07A6EC6E4C45894A77E /* [CP] Embed Pods Frameworks */ = {
			isa = PBXShellScriptBuildPhase;
			buildActionMask = 2147483647;
			files = (
			);
			inputFileListPaths = (
				"${PODS_ROOT}/Target Support Files/Pods-Associative game/Pods-Associative game-frameworks-${CONFIGURATION}-input-files.xcfilelist",
			);
			name = "[CP] Embed Pods Frameworks";
			outputFileListPaths = (
				"${PODS_ROOT}/Target Support Files/Pods-Associative game/Pods-Associative game-frameworks-${CONFIGURATION}-output-files.xcfilelist",
			);
			runOnlyForDeploymentPostprocessing = 0;
			shellPath = /bin/sh;
			shellScript = "\"${PODS_ROOT}/Target Support Files/Pods-Associative game/Pods-Associative game-frameworks.sh\"\n";
			showEnvVarsInLog = 0;
		};
		E8E03CA1F23E28722282C2FF /* [CP] Embed Pods Frameworks */ = {
			isa = PBXShellScriptBuildPhase;
			buildActionMask = 2147483647;
			files = (
			);
			inputFileListPaths = (
				"${PODS_ROOT}/Target Support Files/Pods-Associative game-Associative gameUITests/Pods-Associative game-Associative gameUITests-frameworks-${CONFIGURATION}-input-files.xcfilelist",
			);
			name = "[CP] Embed Pods Frameworks";
			outputFileListPaths = (
				"${PODS_ROOT}/Target Support Files/Pods-Associative game-Associative gameUITests/Pods-Associative game-Associative gameUITests-frameworks-${CONFIGURATION}-output-files.xcfilelist",
			);
			runOnlyForDeploymentPostprocessing = 0;
			shellPath = /bin/sh;
			shellScript = "\"${PODS_ROOT}/Target Support Files/Pods-Associative game-Associative gameUITests/Pods-Associative game-Associative gameUITests-frameworks.sh\"\n";
			showEnvVarsInLog = 0;
		};
/* End PBXShellScriptBuildPhase section */

/* Begin PBXSourcesBuildPhase section */
		6C9CEF1D25B412170028C3D5 /* Sources */ = {
			isa = PBXSourcesBuildPhase;
			buildActionMask = 2147483647;
			files = (
				6C9DA8DC26FCBA5F0024D1B2 /* FirstViewController.swift in Sources */,
				6C1274B826DB75810056A159 /* BananaTableViewCell.swift in Sources */,
				6C04645D25FDB3EA00DA3D0D /* Item.swift in Sources */,
				6C2FF3D626BE298F0097371E /* TabBar.swift in Sources */,
				6C3A00C426A3D0A1004968C2 /* MatchingListViewController.swift in Sources */,
				6C6AE4DA26F62BB100668140 /* GameViewController.swift in Sources */,
				6C7C6E77267EE1E4000620DB /* AddTableViewCell.swift in Sources */,
				6C3A00D426A3EEAF004968C2 /* Card.swift in Sources */,
				6CB4882725D8F1AE00ACA96F /* TabBarViewController.swift in Sources */,
				6C5ABFAB26B6617E00649692 /* MatchingPair.swift in Sources */,
				6C9CEF2925B412170028C3D5 /* ViewController.swift in Sources */,
				6C5ABF9C26B63C8B00649692 /* BookMarkViewController.swift in Sources */,
				6C7F92FB25C7C11800524274 /* IdeaViewController.swift in Sources */,
				6CA4E22426915ADB00EEBAB1 /* MatchingViewController.swift in Sources */,
				6C9CEF2F25B412170028C3D5 /* Associative_game.xcdatamodeld in Sources */,
				6C2FF3E026BE6CD00097371E /* MatchListViewController.swift in Sources */,
				6C9CEF2525B412170028C3D5 /* AppDelegate.swift in Sources */,
				6C6AE4D526F62BA700668140 /* AddViewController.swift in Sources */,
				6C4F251526F5C6E5007EDE4D /* StartViewController.swift in Sources */,
				6C5ABFA226B658C300649692 /* BookMarkTableViewCell.swift in Sources */,
				6C9CEF2725B412170028C3D5 /* SceneDelegate.swift in Sources */,
				6C7F92F625C7C0F000524274 /* BananaViewController.swift in Sources */,
				6C6AE4C526F6263D00668140 /* AddListViewController.swift in Sources */,
				6C2FF3DB26BE605E0097371E /* ListViewController.swift in Sources */,
				6C6AE4CD26F6295000668140 /* GameListViewController.swift in Sources */,
				6C30FC0B26478C5900293B46 /* DetailsViewController.swift in Sources */,
				6C48449726DD1729004A95A9 /* TableViewCell.swift in Sources */,
			);
			runOnlyForDeploymentPostprocessing = 0;
		};
		6C9CEF3625B4121A0028C3D5 /* Sources */ = {
			isa = PBXSourcesBuildPhase;
			buildActionMask = 2147483647;
			files = (
				6C9CEF3F25B4121A0028C3D5 /* Associative_gameTests.swift in Sources */,
			);
			runOnlyForDeploymentPostprocessing = 0;
		};
		6C9CEF4125B4121A0028C3D5 /* Sources */ = {
			isa = PBXSourcesBuildPhase;
			buildActionMask = 2147483647;
			files = (
				6C9CEF4A25B4121A0028C3D5 /* Associative_gameUITests.swift in Sources */,
			);
			runOnlyForDeploymentPostprocessing = 0;
		};
/* End PBXSourcesBuildPhase section */

/* Begin PBXTargetDependency section */
		6C9CEF3C25B4121A0028C3D5 /* PBXTargetDependency */ = {
			isa = PBXTargetDependency;
			target = 6C9CEF2025B412170028C3D5 /* Associative game */;
			targetProxy = 6C9CEF3B25B4121A0028C3D5 /* PBXContainerItemProxy */;
		};
		6C9CEF4725B4121A0028C3D5 /* PBXTargetDependency */ = {
			isa = PBXTargetDependency;
			target = 6C9CEF2025B412170028C3D5 /* Associative game */;
			targetProxy = 6C9CEF4625B4121A0028C3D5 /* PBXContainerItemProxy */;
		};
/* End PBXTargetDependency section */

/* Begin PBXVariantGroup section */
		6C9CEF2A25B412170028C3D5 /* Main.storyboard */ = {
			isa = PBXVariantGroup;
			children = (
				6C9CEF2B25B412170028C3D5 /* Base */,
			);
			name = Main.storyboard;
			sourceTree = "<group>";
		};
		6C9CEF3225B412190028C3D5 /* LaunchScreen.storyboard */ = {
			isa = PBXVariantGroup;
			children = (
				6C9CEF3325B412190028C3D5 /* Base */,
			);
			name = LaunchScreen.storyboard;
			sourceTree = "<group>";
		};
/* End PBXVariantGroup section */

/* Begin XCBuildConfiguration section */
		6C9CEF4C25B4121A0028C3D5 /* Debug */ = {
			isa = XCBuildConfiguration;
			buildSettings = {
				ALWAYS_SEARCH_USER_PATHS = NO;
				CLANG_ANALYZER_NONNULL = YES;
				CLANG_ANALYZER_NUMBER_OBJECT_CONVERSION = YES_AGGRESSIVE;
				CLANG_CXX_LANGUAGE_STANDARD = "gnu++14";
				CLANG_CXX_LIBRARY = "libc++";
				CLANG_ENABLE_MODULES = YES;
				CLANG_ENABLE_OBJC_ARC = YES;
				CLANG_ENABLE_OBJC_WEAK = YES;
				CLANG_WARN_BLOCK_CAPTURE_AUTORELEASING = YES;
				CLANG_WARN_BOOL_CONVERSION = YES;
				CLANG_WARN_COMMA = YES;
				CLANG_WARN_CONSTANT_CONVERSION = YES;
				CLANG_WARN_DEPRECATED_OBJC_IMPLEMENTATIONS = YES;
				CLANG_WARN_DIRECT_OBJC_ISA_USAGE = YES_ERROR;
				CLANG_WARN_DOCUMENTATION_COMMENTS = YES;
				CLANG_WARN_EMPTY_BODY = YES;
				CLANG_WARN_ENUM_CONVERSION = YES;
				CLANG_WARN_INFINITE_RECURSION = YES;
				CLANG_WARN_INT_CONVERSION = YES;
				CLANG_WARN_NON_LITERAL_NULL_CONVERSION = YES;
				CLANG_WARN_OBJC_IMPLICIT_RETAIN_SELF = YES;
				CLANG_WARN_OBJC_LITERAL_CONVERSION = YES;
				CLANG_WARN_OBJC_ROOT_CLASS = YES_ERROR;
				CLANG_WARN_QUOTED_INCLUDE_IN_FRAMEWORK_HEADER = YES;
				CLANG_WARN_RANGE_LOOP_ANALYSIS = YES;
				CLANG_WARN_STRICT_PROTOTYPES = YES;
				CLANG_WARN_SUSPICIOUS_MOVE = YES;
				CLANG_WARN_UNGUARDED_AVAILABILITY = YES_AGGRESSIVE;
				CLANG_WARN_UNREACHABLE_CODE = YES;
				CLANG_WARN__DUPLICATE_METHOD_MATCH = YES;
				COPY_PHASE_STRIP = NO;
				DEBUG_INFORMATION_FORMAT = dwarf;
				ENABLE_STRICT_OBJC_MSGSEND = YES;
				ENABLE_TESTABILITY = YES;
				GCC_C_LANGUAGE_STANDARD = gnu11;
				GCC_DYNAMIC_NO_PIC = NO;
				GCC_NO_COMMON_BLOCKS = YES;
				GCC_OPTIMIZATION_LEVEL = 0;
				GCC_PREPROCESSOR_DEFINITIONS = (
					"DEBUG=1",
					"$(inherited)",
				);
				GCC_WARN_64_TO_32_BIT_CONVERSION = YES;
				GCC_WARN_ABOUT_RETURN_TYPE = YES_ERROR;
				GCC_WARN_UNDECLARED_SELECTOR = YES;
				GCC_WARN_UNINITIALIZED_AUTOS = YES_AGGRESSIVE;
				GCC_WARN_UNUSED_FUNCTION = YES;
				GCC_WARN_UNUSED_VARIABLE = YES;
				IPHONEOS_DEPLOYMENT_TARGET = 14.2;
				MTL_ENABLE_DEBUG_INFO = INCLUDE_SOURCE;
				MTL_FAST_MATH = YES;
				ONLY_ACTIVE_ARCH = YES;
				SDKROOT = iphoneos;
				SWIFT_ACTIVE_COMPILATION_CONDITIONS = DEBUG;
				SWIFT_OPTIMIZATION_LEVEL = "-Onone";
			};
			name = Debug;
		};
		6C9CEF4D25B4121A0028C3D5 /* Release */ = {
			isa = XCBuildConfiguration;
			buildSettings = {
				ALWAYS_SEARCH_USER_PATHS = NO;
				CLANG_ANALYZER_NONNULL = YES;
				CLANG_ANALYZER_NUMBER_OBJECT_CONVERSION = YES_AGGRESSIVE;
				CLANG_CXX_LANGUAGE_STANDARD = "gnu++14";
				CLANG_CXX_LIBRARY = "libc++";
				CLANG_ENABLE_MODULES = YES;
				CLANG_ENABLE_OBJC_ARC = YES;
				CLANG_ENABLE_OBJC_WEAK = YES;
				CLANG_WARN_BLOCK_CAPTURE_AUTORELEASING = YES;
				CLANG_WARN_BOOL_CONVERSION = YES;
				CLANG_WARN_COMMA = YES;
				CLANG_WARN_CONSTANT_CONVERSION = YES;
				CLANG_WARN_DEPRECATED_OBJC_IMPLEMENTATIONS = YES;
				CLANG_WARN_DIRECT_OBJC_ISA_USAGE = YES_ERROR;
				CLANG_WARN_DOCUMENTATION_COMMENTS = YES;
				CLANG_WARN_EMPTY_BODY = YES;
				CLANG_WARN_ENUM_CONVERSION = YES;
				CLANG_WARN_INFINITE_RECURSION = YES;
				CLANG_WARN_INT_CONVERSION = YES;
				CLANG_WARN_NON_LITERAL_NULL_CONVERSION = YES;
				CLANG_WARN_OBJC_IMPLICIT_RETAIN_SELF = YES;
				CLANG_WARN_OBJC_LITERAL_CONVERSION = YES;
				CLANG_WARN_OBJC_ROOT_CLASS = YES_ERROR;
				CLANG_WARN_QUOTED_INCLUDE_IN_FRAMEWORK_HEADER = YES;
				CLANG_WARN_RANGE_LOOP_ANALYSIS = YES;
				CLANG_WARN_STRICT_PROTOTYPES = YES;
				CLANG_WARN_SUSPICIOUS_MOVE = YES;
				CLANG_WARN_UNGUARDED_AVAILABILITY = YES_AGGRESSIVE;
				CLANG_WARN_UNREACHABLE_CODE = YES;
				CLANG_WARN__DUPLICATE_METHOD_MATCH = YES;
				COPY_PHASE_STRIP = NO;
				DEBUG_INFORMATION_FORMAT = "dwarf-with-dsym";
				ENABLE_NS_ASSERTIONS = NO;
				ENABLE_STRICT_OBJC_MSGSEND = YES;
				GCC_C_LANGUAGE_STANDARD = gnu11;
				GCC_NO_COMMON_BLOCKS = YES;
				GCC_WARN_64_TO_32_BIT_CONVERSION = YES;
				GCC_WARN_ABOUT_RETURN_TYPE = YES_ERROR;
				GCC_WARN_UNDECLARED_SELECTOR = YES;
				GCC_WARN_UNINITIALIZED_AUTOS = YES_AGGRESSIVE;
				GCC_WARN_UNUSED_FUNCTION = YES;
				GCC_WARN_UNUSED_VARIABLE = YES;
				IPHONEOS_DEPLOYMENT_TARGET = 14.2;
				MTL_ENABLE_DEBUG_INFO = NO;
				MTL_FAST_MATH = YES;
				SDKROOT = iphoneos;
				SWIFT_COMPILATION_MODE = wholemodule;
				SWIFT_OPTIMIZATION_LEVEL = "-O";
				VALIDATE_PRODUCT = YES;
			};
			name = Release;
		};
		6C9CEF4F25B4121A0028C3D5 /* Debug */ = {
			isa = XCBuildConfiguration;
			baseConfigurationReference = 8BE6B1BC3558F6B3BCB99600 /* Pods-Associative game.debug.xcconfig */;
			buildSettings = {
				ASSETCATALOG_COMPILER_APPICON_NAME = AppIcon;
				ASSETCATALOG_COMPILER_GLOBAL_ACCENT_COLOR_NAME = AccentColor;
				CODE_SIGN_STYLE = Automatic;
				CURRENT_PROJECT_VERSION = 4;
				DEVELOPMENT_TEAM = 7Y5RBD24LU;
				INFOPLIST_FILE = "Associative game/Info.plist";
				LD_RUNPATH_SEARCH_PATHS = (
					"$(inherited)",
					"@executable_path/Frameworks",
				);
				MARKETING_VERSION = 1.0.1;
				PRODUCT_BUNDLE_IDENTIFIER = "app.osawa.kiyono.Magical-Banana";
				PRODUCT_NAME = "$(TARGET_NAME)";
				SWIFT_VERSION = 5.0;
				TARGETED_DEVICE_FAMILY = "1,2";
			};
			name = Debug;
		};
		6C9CEF5025B4121A0028C3D5 /* Release */ = {
			isa = XCBuildConfiguration;
			baseConfigurationReference = BE5C27CBDCA28D4B034AC419 /* Pods-Associative game.release.xcconfig */;
			buildSettings = {
				ASSETCATALOG_COMPILER_APPICON_NAME = AppIcon;
				ASSETCATALOG_COMPILER_GLOBAL_ACCENT_COLOR_NAME = AccentColor;
				CODE_SIGN_STYLE = Automatic;
				CURRENT_PROJECT_VERSION = 4;
				DEVELOPMENT_TEAM = 7Y5RBD24LU;
				INFOPLIST_FILE = "Associative game/Info.plist";
				LD_RUNPATH_SEARCH_PATHS = (
					"$(inherited)",
					"@executable_path/Frameworks",
				);
				MARKETING_VERSION = 1.0.1;
				PRODUCT_BUNDLE_IDENTIFIER = "app.osawa.kiyono.Magical-Banana";
				PRODUCT_NAME = "$(TARGET_NAME)";
				SWIFT_VERSION = 5.0;
				TARGETED_DEVICE_FAMILY = "1,2";
			};
			name = Release;
		};
		6C9CEF5225B4121A0028C3D5 /* Debug */ = {
			isa = XCBuildConfiguration;
			baseConfigurationReference = 94A62974147A670A2B171A9A /* Pods-Associative gameTests.debug.xcconfig */;
			buildSettings = {
				ALWAYS_EMBED_SWIFT_STANDARD_LIBRARIES = YES;
				BUNDLE_LOADER = "$(TEST_HOST)";
				"CODE_SIGN_IDENTITY[sdk=macosx*]" = "Apple Development";
				CODE_SIGN_STYLE = Automatic;
				DEVELOPMENT_TEAM = 7Y5RBD24LU;
				INFOPLIST_FILE = "Associative gameTests/Info.plist";
				IPHONEOS_DEPLOYMENT_TARGET = 14.2;
				LD_RUNPATH_SEARCH_PATHS = (
					"$(inherited)",
					"@executable_path/Frameworks",
					"@loader_path/Frameworks",
				);
				PRODUCT_BUNDLE_IDENTIFIER = "app.osawa.kiyo.Associative-gameTests";
				PRODUCT_NAME = "$(TARGET_NAME)";
				SWIFT_VERSION = 5.0;
				TARGETED_DEVICE_FAMILY = "1,2";
				TEST_HOST = "$(BUILT_PRODUCTS_DIR)/Associative game.app/Associative game";
			};
			name = Debug;
		};
		6C9CEF5325B4121A0028C3D5 /* Release */ = {
			isa = XCBuildConfiguration;
			baseConfigurationReference = 099EB098B98A2C7181159377 /* Pods-Associative gameTests.release.xcconfig */;
			buildSettings = {
				ALWAYS_EMBED_SWIFT_STANDARD_LIBRARIES = YES;
				BUNDLE_LOADER = "$(TEST_HOST)";
				"CODE_SIGN_IDENTITY[sdk=macosx*]" = "Apple Development";
				CODE_SIGN_STYLE = Automatic;
				DEVELOPMENT_TEAM = 7Y5RBD24LU;
				INFOPLIST_FILE = "Associative gameTests/Info.plist";
				IPHONEOS_DEPLOYMENT_TARGET = 14.2;
				LD_RUNPATH_SEARCH_PATHS = (
					"$(inherited)",
					"@executable_path/Frameworks",
					"@loader_path/Frameworks",
				);
				PRODUCT_BUNDLE_IDENTIFIER = "app.osawa.kiyo.Associative-gameTests";
				PRODUCT_NAME = "$(TARGET_NAME)";
				SWIFT_VERSION = 5.0;
				TARGETED_DEVICE_FAMILY = "1,2";
				TEST_HOST = "$(BUILT_PRODUCTS_DIR)/Associative game.app/Associative game";
			};
			name = Release;
		};
		6C9CEF5525B4121A0028C3D5 /* Debug */ = {
			isa = XCBuildConfiguration;
			baseConfigurationReference = 66968F64083D005BF63655D8 /* Pods-Associative game-Associative gameUITests.debug.xcconfig */;
			buildSettings = {
				ALWAYS_EMBED_SWIFT_STANDARD_LIBRARIES = YES;
				CODE_SIGN_STYLE = Automatic;
				DEVELOPMENT_TEAM = 7Y5RBD24LU;
				INFOPLIST_FILE = "Associative gameUITests/Info.plist";
				LD_RUNPATH_SEARCH_PATHS = (
					"$(inherited)",
					"@executable_path/Frameworks",
					"@loader_path/Frameworks",
				);
				PRODUCT_BUNDLE_IDENTIFIER = "app.osawa.kiyo.Associative-gameUITests";
				PRODUCT_NAME = "$(TARGET_NAME)";
				SWIFT_VERSION = 5.0;
				TARGETED_DEVICE_FAMILY = "1,2";
				TEST_TARGET_NAME = "Associative game";
			};
			name = Debug;
		};
		6C9CEF5625B4121A0028C3D5 /* Release */ = {
			isa = XCBuildConfiguration;
			baseConfigurationReference = BCB0ABA8D9C0D81CB5D3D9A6 /* Pods-Associative game-Associative gameUITests.release.xcconfig */;
			buildSettings = {
				ALWAYS_EMBED_SWIFT_STANDARD_LIBRARIES = YES;
				CODE_SIGN_STYLE = Automatic;
				DEVELOPMENT_TEAM = 7Y5RBD24LU;
				INFOPLIST_FILE = "Associative gameUITests/Info.plist";
				LD_RUNPATH_SEARCH_PATHS = (
					"$(inherited)",
					"@executable_path/Frameworks",
					"@loader_path/Frameworks",
				);
				PRODUCT_BUNDLE_IDENTIFIER = "app.osawa.kiyo.Associative-gameUITests";
				PRODUCT_NAME = "$(TARGET_NAME)";
				SWIFT_VERSION = 5.0;
				TARGETED_DEVICE_FAMILY = "1,2";
				TEST_TARGET_NAME = "Associative game";
			};
			name = Release;
		};
/* End XCBuildConfiguration section */

/* Begin XCConfigurationList section */
		6C9CEF1C25B412170028C3D5 /* Build configuration list for PBXProject "Associative game" */ = {
			isa = XCConfigurationList;
			buildConfigurations = (
				6C9CEF4C25B4121A0028C3D5 /* Debug */,
				6C9CEF4D25B4121A0028C3D5 /* Release */,
			);
			defaultConfigurationIsVisible = 0;
			defaultConfigurationName = Release;
		};
		6C9CEF4E25B4121A0028C3D5 /* Build configuration list for PBXNativeTarget "Associative game" */ = {
			isa = XCConfigurationList;
			buildConfigurations = (
				6C9CEF4F25B4121A0028C3D5 /* Debug */,
				6C9CEF5025B4121A0028C3D5 /* Release */,
			);
			defaultConfigurationIsVisible = 0;
			defaultConfigurationName = Release;
		};
		6C9CEF5125B4121A0028C3D5 /* Build configuration list for PBXNativeTarget "Associative gameTests" */ = {
			isa = XCConfigurationList;
			buildConfigurations = (
				6C9CEF5225B4121A0028C3D5 /* Debug */,
				6C9CEF5325B4121A0028C3D5 /* Release */,
			);
			defaultConfigurationIsVisible = 0;
			defaultConfigurationName = Release;
		};
		6C9CEF5425B4121A0028C3D5 /* Build configuration list for PBXNativeTarget "Associative gameUITests" */ = {
			isa = XCConfigurationList;
			buildConfigurations = (
				6C9CEF5525B4121A0028C3D5 /* Debug */,
				6C9CEF5625B4121A0028C3D5 /* Release */,
			);
			defaultConfigurationIsVisible = 0;
			defaultConfigurationName = Release;
		};
/* End XCConfigurationList section */

/* Begin XCVersionGroup section */
		6C9CEF2D25B412170028C3D5 /* Associative_game.xcdatamodeld */ = {
			isa = XCVersionGroup;
			children = (
				6C9CEF2E25B412170028C3D5 /* Associative_game.xcdatamodel */,
			);
			currentVersion = 6C9CEF2E25B412170028C3D5 /* Associative_game.xcdatamodel */;
			path = Associative_game.xcdatamodeld;
			sourceTree = "<group>";
			versionGroupType = wrapper.xcdatamodel;
		};
/* End XCVersionGroup section */
	};
	rootObject = 6C9CEF1925B412170028C3D5 /* Project object */;
}
